
Microsoft Visual Studio Solution File, Format Version 12.00
# Visual Studio Version 16
VisualStudioVersion = 16.0.28803.202
MinimumVisualStudioVersion = 10.0.40219.1
Project("{9A19103F-16F7-4668-BE54-9A1E7A4F7556}") = "Fate.WebApi", "Fate.WebApi\Fate.WebApi.csproj", "{5D2B8CC1-EE36-4B8C-BEA4-CE11E9E64194}"
EndProject
Project("{9A19103F-16F7-4668-BE54-9A1E7A4F7556}") = "Fate.Common", "Fate.Common\Fate.Common.csproj", "{95785746-5F1B-4132-9778-60E616B3BD8F}"
EndProject
Project("{9A19103F-16F7-4668-BE54-9A1E7A4F7556}") = "Fate.Application", "Fate.Application\Fate.Application.csproj", "{91875A01-3B25-4478-9F73-C33F45A63DE0}"
EndProject
Project("{9A19103F-16F7-4668-BE54-9A1E7A4F7556}") = "Fate.Domain", "Fate.Domain\Fate.Domain.csproj", "{3A3F06F9-19CF-40EE-A616-DA72CDB785C6}"
EndProject
Project("{2150E333-8FDC-42A3-9474-1A3956D46DE8}") = "Fate.Applications", "Fate.Applications", "{DF220979-1B11-4DEC-AD83-146AF781E3A3}"
EndProject
Project("{2150E333-8FDC-42A3-9474-1A3956D46DE8}") = "Fate.Infrastructure", "Fate.Infrastructure", "{4A8F666D-71AD-40C6-8DBF-37341F67CE79}"
EndProject
Project("{2150E333-8FDC-42A3-9474-1A3956D46DE8}") = "Fate.Domains", "Fate.Domains", "{72C204CF-4677-4CB8-B747-31571C305EB2}"
EndProject
Project("{2150E333-8FDC-42A3-9474-1A3956D46DE8}") = "Fate.Web", "Fate.Web", "{7A3DF7B3-2E97-4ED9-A060-DB825BC26FB4}"
EndProject
Project("{9A19103F-16F7-4668-BE54-9A1E7A4F7556}") = "Fate.Domain.Model", "Fate.Domain.Model\Fate.Domain.Model.csproj", "{46C9B1BA-8894-4750-AE32-BB23347FDEB2}"
EndProject
Project("{9A19103F-16F7-4668-BE54-9A1E7A4F7556}") = "Fate.Test", "Fate.Test\Fate.Test.csproj", "{C2EC54CF-FF2C-4160-8B64-A12C4952AFF1}"
EndProject
Project("{9A19103F-16F7-4668-BE54-9A1E7A4F7556}") = "Fate.Domain.Event", "Fate.Domain.Event\Fate.Domain.Event.csproj", "{32B606BB-8542-42A0-9790-13D678ED0D79}"
EndProject
Project("{9A19103F-16F7-4668-BE54-9A1E7A4F7556}") = "Fate.XUnitTest", "Fate.XUnitTest\Fate.XUnitTest.csproj", "{5B20EEAE-7550-4A6C-9558-F81F0A0D5523}"
EndProject
Project("{9A19103F-16F7-4668-BE54-9A1E7A4F7556}") = "Fate.Common.Redis", "Fate.Common.Redis\Fate.Common.Redis.csproj", "{F32A1DAE-8EFF-4DC1-97B7-99CC5510F2EB}"
EndProject
Project("{9A19103F-16F7-4668-BE54-9A1E7A4F7556}") = "Fate.IdentityServer4", "Fate.IdentityServer4\Fate.IdentityServer4.csproj", "{E5637F6A-99F9-425C-89D1-B20DB0C9145B}"
EndProject
Project("{9A19103F-16F7-4668-BE54-9A1E7A4F7556}") = "Fate.FileServerApi", "Fate.FileServerApi\Fate.FileServerApi.csproj", "{D974FF83-A946-4EEE-A584-2955E68EA0C4}"
EndProject
Project("{9A19103F-16F7-4668-BE54-9A1E7A4F7556}") = "Fate.TimeServer", "Fate.TimeServer\Fate.TimeServer.csproj", "{307B30CA-0FB6-4B08-9696-B9612B9BD9CD}"
EndProject
Project("{9A19103F-16F7-4668-BE54-9A1E7A4F7556}") = "Fate.Common.RabbitMQ", "Fate.Common.RabbitMQ\Fate.Common.RabbitMQ.csproj", "{557F9335-37E5-4BA9-AE6F-E978000CF708}"
EndProject
Project("{9A19103F-16F7-4668-BE54-9A1E7A4F7556}") = "Fate.Common.BaseRibbitMQ", "Fate.Common.BaseRibbitMQ\Fate.Common.BaseRibbitMQ.csproj", "{BD062578-3359-452C-A9F8-21F79153CF09}"
EndProject
Project("{2150E333-8FDC-42A3-9474-1A3956D46DE8}") = "RabbitMQ", "RabbitMQ", "{405D7187-152B-463F-87FB-62864E291CAB}"
EndProject
Project("{2150E333-8FDC-42A3-9474-1A3956D46DE8}") = "Data", "Data", "{3575B4A0-B3E0-4982-9D79-E863DE07D1FF}"
EndProject
Project("{9A19103F-16F7-4668-BE54-9A1E7A4F7556}") = "Fate.Common.CAP.Subscribe", "Fate.Common.CAP.Subscribe\Fate.Common.CAP.Subscribe.csproj", "{30FF0F4D-01A9-47EE-BA4D-A830C6425097}"
EndProject
Project("{9A19103F-16F7-4668-BE54-9A1E7A4F7556}") = "Fate.Common.Repository", "Fate.Common.Repository\Fate.Common.Repository.csproj", "{812D3207-C2FB-4DF9-BD3C-34BB11789CD9}"
EndProject
Project("{2150E333-8FDC-42A3-9474-1A3956D46DE8}") = "Ocelot", "Ocelot", "{56D65EED-2397-414D-9E00-C9FD72D1834E}"
EndProject
Project("{9A19103F-16F7-4668-BE54-9A1E7A4F7556}") = "Fate.Common.OcelotStore.Redis", "Fate.Common.OcelotStore.Redis\Fate.Common.OcelotStore.Redis.csproj", "{DE9A430E-7B8C-479C-B710-E7FA95F6F9F2}"
EndProject
Project("{9A19103F-16F7-4668-BE54-9A1E7A4F7556}") = "Fate.Common.OcelotStore.EFCore", "Fate.Common.OcelotStore.EFCore\Fate.Common.OcelotStore.EFCore.csproj", "{73A36EAF-AE62-44BC-A8CD-E632B7CDEB51}"
EndProject
Project("{9A19103F-16F7-4668-BE54-9A1E7A4F7556}") = "Fate.Common.Base.Model", "Fate.Common.Base.Model\Fate.Common.Base.Model.csproj", "{001B1DC8-47BE-4E9B-8C05-46676AB80DE6}"
EndProject
Project("{2150E333-8FDC-42A3-9474-1A3956D46DE8}") = "Test", "Test", "{28527CF0-C1A2-45F9-8934-339FD8914EC1}"
EndProject
Project("{9A19103F-16F7-4668-BE54-9A1E7A4F7556}") = "Fate.Test.Ocelot", "Fate.Test.Ocelot\Fate.Test.Ocelot.csproj", "{FBBABB8E-8EC7-4B92-9287-DCB0463459A6}"
EndProject
Project("{2150E333-8FDC-42A3-9474-1A3956D46DE8}") = "Consul", "Consul", "{B9E1ECBD-967F-453E-B9CB-61BABA799568}"
EndProject
Project("{9A19103F-16F7-4668-BE54-9A1E7A4F7556}") = "Fate.Commom.Consul", "Fate.Commom.Consul\Fate.Commom.Consul.csproj", "{C9058225-186D-46D1-9CCD-713AB9C48989}"
EndProject
Project("{9A19103F-16F7-4668-BE54-9A1E7A4F7556}") = "Fate.Common.Configuration", "Fate.Common.Configuration\Fate.Common.Configuration.csproj", "{4CBECF8D-2B03-4CE1-B150-2DC24AA79ABB}"
EndProject
Project("{9A19103F-16F7-4668-BE54-9A1E7A4F7556}") = "Fate.Common.Mapper", "Fate.Common.Mapper\Fate.Common.Mapper.csproj", "{5CA9A626-E0B5-4229-AE9C-EA666CCBAAAA}"
EndProject
Project("{9A19103F-16F7-4668-BE54-9A1E7A4F7556}") = "Fate.Common.AutofacDependencyInjection", "Fate.Common.AutofacDependencyInjection\Fate.Common.AutofacDependencyInjection.csproj", "{6F7561E6-389C-4A1F-8FEB-1A6E1C2F4BBB}"
EndProject
Global
	GlobalSection(SolutionConfigurationPlatforms) = preSolution
		Debug|Any CPU = Debug|Any CPU
		Release|Any CPU = Release|Any CPU
	EndGlobalSection
	GlobalSection(ProjectConfigurationPlatforms) = postSolution
		{5D2B8CC1-EE36-4B8C-BEA4-CE11E9E64194}.Debug|Any CPU.ActiveCfg = Debug|Any CPU
		{5D2B8CC1-EE36-4B8C-BEA4-CE11E9E64194}.Debug|Any CPU.Build.0 = Debug|Any CPU
		{5D2B8CC1-EE36-4B8C-BEA4-CE11E9E64194}.Release|Any CPU.ActiveCfg = Release|Any CPU
		{5D2B8CC1-EE36-4B8C-BEA4-CE11E9E64194}.Release|Any CPU.Build.0 = Release|Any CPU
		{95785746-5F1B-4132-9778-60E616B3BD8F}.Debug|Any CPU.ActiveCfg = Debug|Any CPU
		{95785746-5F1B-4132-9778-60E616B3BD8F}.Debug|Any CPU.Build.0 = Debug|Any CPU
		{95785746-5F1B-4132-9778-60E616B3BD8F}.Release|Any CPU.ActiveCfg = Release|Any CPU
		{95785746-5F1B-4132-9778-60E616B3BD8F}.Release|Any CPU.Build.0 = Release|Any CPU
		{91875A01-3B25-4478-9F73-C33F45A63DE0}.Debug|Any CPU.ActiveCfg = Debug|Any CPU
		{91875A01-3B25-4478-9F73-C33F45A63DE0}.Debug|Any CPU.Build.0 = Debug|Any CPU
		{91875A01-3B25-4478-9F73-C33F45A63DE0}.Release|Any CPU.ActiveCfg = Release|Any CPU
		{91875A01-3B25-4478-9F73-C33F45A63DE0}.Release|Any CPU.Build.0 = Release|Any CPU
		{3A3F06F9-19CF-40EE-A616-DA72CDB785C6}.Debug|Any CPU.ActiveCfg = Debug|Any CPU
		{3A3F06F9-19CF-40EE-A616-DA72CDB785C6}.Debug|Any CPU.Build.0 = Debug|Any CPU
		{3A3F06F9-19CF-40EE-A616-DA72CDB785C6}.Release|Any CPU.ActiveCfg = Release|Any CPU
		{3A3F06F9-19CF-40EE-A616-DA72CDB785C6}.Release|Any CPU.Build.0 = Release|Any CPU
		{46C9B1BA-8894-4750-AE32-BB23347FDEB2}.Debug|Any CPU.ActiveCfg = Debug|Any CPU
		{46C9B1BA-8894-4750-AE32-BB23347FDEB2}.Debug|Any CPU.Build.0 = Debug|Any CPU
		{46C9B1BA-8894-4750-AE32-BB23347FDEB2}.Release|Any CPU.ActiveCfg = Release|Any CPU
		{46C9B1BA-8894-4750-AE32-BB23347FDEB2}.Release|Any CPU.Build.0 = Release|Any CPU
		{C2EC54CF-FF2C-4160-8B64-A12C4952AFF1}.Debug|Any CPU.ActiveCfg = Debug|Any CPU
		{C2EC54CF-FF2C-4160-8B64-A12C4952AFF1}.Debug|Any CPU.Build.0 = Debug|Any CPU
		{C2EC54CF-FF2C-4160-8B64-A12C4952AFF1}.Release|Any CPU.ActiveCfg = Release|Any CPU
		{C2EC54CF-FF2C-4160-8B64-A12C4952AFF1}.Release|Any CPU.Build.0 = Release|Any CPU
		{32B606BB-8542-42A0-9790-13D678ED0D79}.Debug|Any CPU.ActiveCfg = Debug|Any CPU
		{32B606BB-8542-42A0-9790-13D678ED0D79}.Debug|Any CPU.Build.0 = Debug|Any CPU
		{32B606BB-8542-42A0-9790-13D678ED0D79}.Release|Any CPU.ActiveCfg = Release|Any CPU
		{32B606BB-8542-42A0-9790-13D678ED0D79}.Release|Any CPU.Build.0 = Release|Any CPU
		{5B20EEAE-7550-4A6C-9558-F81F0A0D5523}.Debug|Any CPU.ActiveCfg = Debug|Any CPU
		{5B20EEAE-7550-4A6C-9558-F81F0A0D5523}.Debug|Any CPU.Build.0 = Debug|Any CPU
		{5B20EEAE-7550-4A6C-9558-F81F0A0D5523}.Release|Any CPU.ActiveCfg = Release|Any CPU
		{5B20EEAE-7550-4A6C-9558-F81F0A0D5523}.Release|Any CPU.Build.0 = Release|Any CPU
		{F32A1DAE-8EFF-4DC1-97B7-99CC5510F2EB}.Debug|Any CPU.ActiveCfg = Debug|Any CPU
		{F32A1DAE-8EFF-4DC1-97B7-99CC5510F2EB}.Debug|Any CPU.Build.0 = Debug|Any CPU
		{F32A1DAE-8EFF-4DC1-97B7-99CC5510F2EB}.Release|Any CPU.ActiveCfg = Release|Any CPU
		{F32A1DAE-8EFF-4DC1-97B7-99CC5510F2EB}.Release|Any CPU.Build.0 = Release|Any CPU
		{E5637F6A-99F9-425C-89D1-B20DB0C9145B}.Debug|Any CPU.ActiveCfg = Debug|Any CPU
		{E5637F6A-99F9-425C-89D1-B20DB0C9145B}.Debug|Any CPU.Build.0 = Debug|Any CPU
		{E5637F6A-99F9-425C-89D1-B20DB0C9145B}.Release|Any CPU.ActiveCfg = Release|Any CPU
		{E5637F6A-99F9-425C-89D1-B20DB0C9145B}.Release|Any CPU.Build.0 = Release|Any CPU
		{D974FF83-A946-4EEE-A584-2955E68EA0C4}.Debug|Any CPU.ActiveCfg = Debug|Any CPU
		{D974FF83-A946-4EEE-A584-2955E68EA0C4}.Debug|Any CPU.Build.0 = Debug|Any CPU
		{D974FF83-A946-4EEE-A584-2955E68EA0C4}.Release|Any CPU.ActiveCfg = Release|Any CPU
		{D974FF83-A946-4EEE-A584-2955E68EA0C4}.Release|Any CPU.Build.0 = Release|Any CPU
		{307B30CA-0FB6-4B08-9696-B9612B9BD9CD}.Debug|Any CPU.ActiveCfg = Debug|Any CPU
		{307B30CA-0FB6-4B08-9696-B9612B9BD9CD}.Debug|Any CPU.Build.0 = Debug|Any CPU
		{307B30CA-0FB6-4B08-9696-B9612B9BD9CD}.Release|Any CPU.ActiveCfg = Release|Any CPU
		{307B30CA-0FB6-4B08-9696-B9612B9BD9CD}.Release|Any CPU.Build.0 = Release|Any CPU
		{557F9335-37E5-4BA9-AE6F-E978000CF708}.Debug|Any CPU.ActiveCfg = Debug|Any CPU
		{557F9335-37E5-4BA9-AE6F-E978000CF708}.Debug|Any CPU.Build.0 = Debug|Any CPU
		{557F9335-37E5-4BA9-AE6F-E978000CF708}.Release|Any CPU.ActiveCfg = Release|Any CPU
		{557F9335-37E5-4BA9-AE6F-E978000CF708}.Release|Any CPU.Build.0 = Release|Any CPU
		{BD062578-3359-452C-A9F8-21F79153CF09}.Debug|Any CPU.ActiveCfg = Debug|Any CPU
		{BD062578-3359-452C-A9F8-21F79153CF09}.Debug|Any CPU.Build.0 = Debug|Any CPU
		{BD062578-3359-452C-A9F8-21F79153CF09}.Release|Any CPU.ActiveCfg = Release|Any CPU
		{BD062578-3359-452C-A9F8-21F79153CF09}.Release|Any CPU.Build.0 = Release|Any CPU
		{30FF0F4D-01A9-47EE-BA4D-A830C6425097}.Debug|Any CPU.ActiveCfg = Debug|Any CPU
		{30FF0F4D-01A9-47EE-BA4D-A830C6425097}.Debug|Any CPU.Build.0 = Debug|Any CPU
		{30FF0F4D-01A9-47EE-BA4D-A830C6425097}.Release|Any CPU.ActiveCfg = Release|Any CPU
		{30FF0F4D-01A9-47EE-BA4D-A830C6425097}.Release|Any CPU.Build.0 = Release|Any CPU
		{812D3207-C2FB-4DF9-BD3C-34BB11789CD9}.Debug|Any CPU.ActiveCfg = Debug|Any CPU
		{812D3207-C2FB-4DF9-BD3C-34BB11789CD9}.Debug|Any CPU.Build.0 = Debug|Any CPU
		{812D3207-C2FB-4DF9-BD3C-34BB11789CD9}.Release|Any CPU.ActiveCfg = Release|Any CPU
		{812D3207-C2FB-4DF9-BD3C-34BB11789CD9}.Release|Any CPU.Build.0 = Release|Any CPU
		{DE9A430E-7B8C-479C-B710-E7FA95F6F9F2}.Debug|Any CPU.ActiveCfg = Debug|Any CPU
		{DE9A430E-7B8C-479C-B710-E7FA95F6F9F2}.Debug|Any CPU.Build.0 = Debug|Any CPU
		{DE9A430E-7B8C-479C-B710-E7FA95F6F9F2}.Release|Any CPU.ActiveCfg = Release|Any CPU
		{DE9A430E-7B8C-479C-B710-E7FA95F6F9F2}.Release|Any CPU.Build.0 = Release|Any CPU
		{73A36EAF-AE62-44BC-A8CD-E632B7CDEB51}.Debug|Any CPU.ActiveCfg = Debug|Any CPU
		{73A36EAF-AE62-44BC-A8CD-E632B7CDEB51}.Debug|Any CPU.Build.0 = Debug|Any CPU
		{73A36EAF-AE62-44BC-A8CD-E632B7CDEB51}.Release|Any CPU.ActiveCfg = Release|Any CPU
		{73A36EAF-AE62-44BC-A8CD-E632B7CDEB51}.Release|Any CPU.Build.0 = Release|Any CPU
		{001B1DC8-47BE-4E9B-8C05-46676AB80DE6}.Debug|Any CPU.ActiveCfg = Debug|Any CPU
		{001B1DC8-47BE-4E9B-8C05-46676AB80DE6}.Debug|Any CPU.Build.0 = Debug|Any CPU
		{001B1DC8-47BE-4E9B-8C05-46676AB80DE6}.Release|Any CPU.ActiveCfg = Release|Any CPU
		{001B1DC8-47BE-4E9B-8C05-46676AB80DE6}.Release|Any CPU.Build.0 = Release|Any CPU
		{FBBABB8E-8EC7-4B92-9287-DCB0463459A6}.Debug|Any CPU.ActiveCfg = Debug|Any CPU
		{FBBABB8E-8EC7-4B92-9287-DCB0463459A6}.Debug|Any CPU.Build.0 = Debug|Any CPU
		{FBBABB8E-8EC7-4B92-9287-DCB0463459A6}.Release|Any CPU.ActiveCfg = Release|Any CPU
		{FBBABB8E-8EC7-4B92-9287-DCB0463459A6}.Release|Any CPU.Build.0 = Release|Any CPU
		{C9058225-186D-46D1-9CCD-713AB9C48989}.Debug|Any CPU.ActiveCfg = Debug|Any CPU
		{C9058225-186D-46D1-9CCD-713AB9C48989}.Debug|Any CPU.Build.0 = Debug|Any CPU
		{C9058225-186D-46D1-9CCD-713AB9C48989}.Release|Any CPU.ActiveCfg = Release|Any CPU
		{C9058225-186D-46D1-9CCD-713AB9C48989}.Release|Any CPU.Build.0 = Release|Any CPU
		{4CBECF8D-2B03-4CE1-B150-2DC24AA79ABB}.Debug|Any CPU.ActiveCfg = Debug|Any CPU
		{4CBECF8D-2B03-4CE1-B150-2DC24AA79ABB}.Debug|Any CPU.Build.0 = Debug|Any CPU
		{4CBECF8D-2B03-4CE1-B150-2DC24AA79ABB}.Release|Any CPU.ActiveCfg = Release|Any CPU
		{4CBECF8D-2B03-4CE1-B150-2DC24AA79ABB}.Release|Any CPU.Build.0 = Release|Any CPU
		{5CA9A626-E0B5-4229-AE9C-EA666CCBAAAA}.Debug|Any CPU.ActiveCfg = Debug|Any CPU
		{5CA9A626-E0B5-4229-AE9C-EA666CCBAAAA}.Debug|Any CPU.Build.0 = Debug|Any CPU
		{5CA9A626-E0B5-4229-AE9C-EA666CCBAAAA}.Release|Any CPU.ActiveCfg = Release|Any CPU
		{5CA9A626-E0B5-4229-AE9C-EA666CCBAAAA}.Release|Any CPU.Build.0 = Release|Any CPU
		{6F7561E6-389C-4A1F-8FEB-1A6E1C2F4BBB}.Debug|Any CPU.ActiveCfg = Debug|Any CPU
		{6F7561E6-389C-4A1F-8FEB-1A6E1C2F4BBB}.Debug|Any CPU.Build.0 = Debug|Any CPU
		{6F7561E6-389C-4A1F-8FEB-1A6E1C2F4BBB}.Release|Any CPU.ActiveCfg = Release|Any CPU
		{6F7561E6-389C-4A1F-8FEB-1A6E1C2F4BBB}.Release|Any CPU.Build.0 = Release|Any CPU
	EndGlobalSection
	GlobalSection(SolutionProperties) = preSolution
		HideSolutionNode = FALSE
	EndGlobalSection
	GlobalSection(NestedProjects) = preSolution
		{5D2B8CC1-EE36-4B8C-BEA4-CE11E9E64194} = {7A3DF7B3-2E97-4ED9-A060-DB825BC26FB4}
		{95785746-5F1B-4132-9778-60E616B3BD8F} = {4A8F666D-71AD-40C6-8DBF-37341F67CE79}
		{91875A01-3B25-4478-9F73-C33F45A63DE0} = {DF220979-1B11-4DEC-AD83-146AF781E3A3}
		{3A3F06F9-19CF-40EE-A616-DA72CDB785C6} = {72C204CF-4677-4CB8-B747-31571C305EB2}
		{46C9B1BA-8894-4750-AE32-BB23347FDEB2} = {72C204CF-4677-4CB8-B747-31571C305EB2}
		{C2EC54CF-FF2C-4160-8B64-A12C4952AFF1} = {28527CF0-C1A2-45F9-8934-339FD8914EC1}
		{32B606BB-8542-42A0-9790-13D678ED0D79} = {72C204CF-4677-4CB8-B747-31571C305EB2}
		{5B20EEAE-7550-4A6C-9558-F81F0A0D5523} = {28527CF0-C1A2-45F9-8934-339FD8914EC1}
		{F32A1DAE-8EFF-4DC1-97B7-99CC5510F2EB} = {3575B4A0-B3E0-4982-9D79-E863DE07D1FF}
		{E5637F6A-99F9-425C-89D1-B20DB0C9145B} = {7A3DF7B3-2E97-4ED9-A060-DB825BC26FB4}
		{D974FF83-A946-4EEE-A584-2955E68EA0C4} = {7A3DF7B3-2E97-4ED9-A060-DB825BC26FB4}
		{307B30CA-0FB6-4B08-9696-B9612B9BD9CD} = {7A3DF7B3-2E97-4ED9-A060-DB825BC26FB4}
		{557F9335-37E5-4BA9-AE6F-E978000CF708} = {405D7187-152B-463F-87FB-62864E291CAB}
		{BD062578-3359-452C-A9F8-21F79153CF09} = {405D7187-152B-463F-87FB-62864E291CAB}
		{405D7187-152B-463F-87FB-62864E291CAB} = {4A8F666D-71AD-40C6-8DBF-37341F67CE79}
		{3575B4A0-B3E0-4982-9D79-E863DE07D1FF} = {4A8F666D-71AD-40C6-8DBF-37341F67CE79}
		{30FF0F4D-01A9-47EE-BA4D-A830C6425097} = {405D7187-152B-463F-87FB-62864E291CAB}
		{812D3207-C2FB-4DF9-BD3C-34BB11789CD9} = {3575B4A0-B3E0-4982-9D79-E863DE07D1FF}
		{56D65EED-2397-414D-9E00-C9FD72D1834E} = {4A8F666D-71AD-40C6-8DBF-37341F67CE79}
		{DE9A430E-7B8C-479C-B710-E7FA95F6F9F2} = {56D65EED-2397-414D-9E00-C9FD72D1834E}
		{73A36EAF-AE62-44BC-A8CD-E632B7CDEB51} = {56D65EED-2397-414D-9E00-C9FD72D1834E}
		{001B1DC8-47BE-4E9B-8C05-46676AB80DE6} = {3575B4A0-B3E0-4982-9D79-E863DE07D1FF}
		{28527CF0-C1A2-45F9-8934-339FD8914EC1} = {7A3DF7B3-2E97-4ED9-A060-DB825BC26FB4}
		{FBBABB8E-8EC7-4B92-9287-DCB0463459A6} = {28527CF0-C1A2-45F9-8934-339FD8914EC1}
		{B9E1ECBD-967F-453E-B9CB-61BABA799568} = {4A8F666D-71AD-40C6-8DBF-37341F67CE79}
		{C9058225-186D-46D1-9CCD-713AB9C48989} = {B9E1ECBD-967F-453E-B9CB-61BABA799568}
		{4CBECF8D-2B03-4CE1-B150-2DC24AA79ABB} = {4A8F666D-71AD-40C6-8DBF-37341F67CE79}
		{5CA9A626-E0B5-4229-AE9C-EA666CCBAAAA} = {4A8F666D-71AD-40C6-8DBF-37341F67CE79}
		{6F7561E6-389C-4A1F-8FEB-1A6E1C2F4BBB} = {4A8F666D-71AD-40C6-8DBF-37341F67CE79}
	EndGlobalSection
	GlobalSection(ExtensibilityGlobals) = postSolution
		SolutionGuid = {1CD3A20A-C1CF-4D8C-B35E-4DA8F4C1B5B8}
	EndGlobalSection
EndGlobal
