
Microsoft Visual Studio Solution File, Format Version 12.00
# Visual Studio Version 16
VisualStudioVersion = 16.0.28803.202
MinimumVisualStudioVersion = 10.0.40219.1
Project("{9A19103F-16F7-4668-BE54-9A1E7A4F7556}") = "Fate.Infrastructure", "Fate.Infrastructure\Fate.Infrastructure.csproj", "{95785746-5F1B-4132-9778-60E616B3BD8F}"
EndProject
Project("{9A19103F-16F7-4668-BE54-9A1E7A4F7556}") = "Fate.Application", "Fate.Application\Fate.Application.csproj", "{91875A01-3B25-4478-9F73-C33F45A63DE0}"
EndProject
Project("{9A19103F-16F7-4668-BE54-9A1E7A4F7556}") = "Fate.Domain", "Fate.Domain\Fate.Domain.csproj", "{3A3F06F9-19CF-40EE-A616-DA72CDB785C6}"
EndProject
Project("{2150E333-8FDC-42A3-9474-1A3956D46DE8}") = "Fate.Applications", "Fate.Applications", "{DF220979-1B11-4DEC-AD83-146AF781E3A3}"
EndProject
Project("{2150E333-8FDC-42A3-9474-1A3956D46DE8}") = "Fate.Infrastructures", "Fate.Infrastructures", "{4A8F666D-71AD-40C6-8DBF-37341F67CE79}"
EndProject
Project("{2150E333-8FDC-42A3-9474-1A3956D46DE8}") = "Fate.Domains", "Fate.Domains", "{72C204CF-4677-4CB8-B747-31571C305EB2}"
EndProject
Project("{2150E333-8FDC-42A3-9474-1A3956D46DE8}") = "Fate.Web", "Fate.Web", "{7A3DF7B3-2E97-4ED9-A060-DB825BC26FB4}"
EndProject
Project("{9A19103F-16F7-4668-BE54-9A1E7A4F7556}") = "Fate.Domain.Model", "Fate.Domain.Model\Fate.Domain.Model.csproj", "{46C9B1BA-8894-4750-AE32-BB23347FDEB2}"
EndProject
Project("{9A19103F-16F7-4668-BE54-9A1E7A4F7556}") = "Fate.Test", "Fate.Test\Fate.Test.csproj", "{C2EC54CF-FF2C-4160-8B64-A12C4952AFF1}"
EndProject
Project("{9A19103F-16F7-4668-BE54-9A1E7A4F7556}") = "Fate.Domain.Event", "Fate.Domain.Event\Fate.Domain.Event.csproj", "{32B606BB-8542-42A0-9790-13D678ED0D79}"
EndProject
Project("{9A19103F-16F7-4668-BE54-9A1E7A4F7556}") = "Fate.XUnitTest", "Fate.XUnitTest\Fate.XUnitTest.csproj", "{5B20EEAE-7550-4A6C-9558-F81F0A0D5523}"
EndProject
Project("{9A19103F-16F7-4668-BE54-9A1E7A4F7556}") = "Fate.Infrastructure.Redis", "Fate.Infrastructure.Redis\Fate.Infrastructure.Redis.csproj", "{F32A1DAE-8EFF-4DC1-97B7-99CC5510F2EB}"
EndProject
Project("{9A19103F-16F7-4668-BE54-9A1E7A4F7556}") = "Fate.Infrastructure.RabbitMQ", "Fate.Infrastructure.RabbitMQ\Fate.Infrastructure.RabbitMQ.csproj", "{557F9335-37E5-4BA9-AE6F-E978000CF708}"
EndProject
Project("{9A19103F-16F7-4668-BE54-9A1E7A4F7556}") = "Fate.Infrastructure.BaseRibbitMQ", "Fate.Infrastructure.BaseRibbitMQ\Fate.Infrastructure.BaseRibbitMQ.csproj", "{BD062578-3359-452C-A9F8-21F79153CF09}"
EndProject
Project("{2150E333-8FDC-42A3-9474-1A3956D46DE8}") = "RabbitMQ", "RabbitMQ", "{405D7187-152B-463F-87FB-62864E291CAB}"
EndProject
Project("{2150E333-8FDC-42A3-9474-1A3956D46DE8}") = "Data", "Data", "{3575B4A0-B3E0-4982-9D79-E863DE07D1FF}"
EndProject
Project("{9A19103F-16F7-4668-BE54-9A1E7A4F7556}") = "Fate.Infrastructure.CAP.Subscribe", "Fate.Infrastructure.CAP.Subscribe\Fate.Infrastructure.CAP.Subscribe.csproj", "{30FF0F4D-01A9-47EE-BA4D-A830C6425097}"
EndProject
Project("{9A19103F-16F7-4668-BE54-9A1E7A4F7556}") = "Fate.Infrastructure.Repository", "Fate.Infrastructure.Repository\Fate.Infrastructure.Repository.csproj", "{812D3207-C2FB-4DF9-BD3C-34BB11789CD9}"
EndProject
Project("{2150E333-8FDC-42A3-9474-1A3956D46DE8}") = "Ocelot", "Ocelot", "{56D65EED-2397-414D-9E00-C9FD72D1834E}"
EndProject
Project("{9A19103F-16F7-4668-BE54-9A1E7A4F7556}") = "Fate.Infrastructure.OcelotStore.Redis", "Fate.Infrastructure.OcelotStore.Redis\Fate.Infrastructure.OcelotStore.Redis.csproj", "{DE9A430E-7B8C-479C-B710-E7FA95F6F9F2}"
EndProject
Project("{9A19103F-16F7-4668-BE54-9A1E7A4F7556}") = "Fate.Infrastructure.OcelotStore.EFCore", "Fate.Infrastructure.OcelotStore.EFCore\Fate.Infrastructure.OcelotStore.EFCore.csproj", "{73A36EAF-AE62-44BC-A8CD-E632B7CDEB51}"
EndProject
Project("{9A19103F-16F7-4668-BE54-9A1E7A4F7556}") = "Fate.Infrastructure.BaseRepository.Model", "Fate.Infrastructure.BaseRepository.Model\Fate.Infrastructure.BaseRepository.Model.csproj", "{001B1DC8-47BE-4E9B-8C05-46676AB80DE6}"
EndProject
Project("{2150E333-8FDC-42A3-9474-1A3956D46DE8}") = "Test", "Test", "{28527CF0-C1A2-45F9-8934-339FD8914EC1}"
EndProject
Project("{9A19103F-16F7-4668-BE54-9A1E7A4F7556}") = "Fate.Test.Ocelot", "Fate.Test.Ocelot\Fate.Test.Ocelot.csproj", "{FBBABB8E-8EC7-4B92-9287-DCB0463459A6}"
EndProject
Project("{2150E333-8FDC-42A3-9474-1A3956D46DE8}") = "Consul", "Consul", "{B9E1ECBD-967F-453E-B9CB-61BABA799568}"
EndProject
Project("{9A19103F-16F7-4668-BE54-9A1E7A4F7556}") = "Fate.Infrastructure.Consul", "Fate.Infrastructure.Consul\Fate.Infrastructure.Consul.csproj", "{C9058225-186D-46D1-9CCD-713AB9C48989}"
EndProject
Project("{9A19103F-16F7-4668-BE54-9A1E7A4F7556}") = "Fate.Infrastructure.Configuration", "Fate.Infrastructure.Configuration\Fate.Infrastructure.Configuration.csproj", "{4CBECF8D-2B03-4CE1-B150-2DC24AA79ABB}"
EndProject
Project("{9A19103F-16F7-4668-BE54-9A1E7A4F7556}") = "Fate.Infrastructure.Mapper", "Fate.Infrastructure.Mapper\Fate.Infrastructure.Mapper.csproj", "{5CA9A626-E0B5-4229-AE9C-EA666CCBAAAA}"
EndProject
Project("{9A19103F-16F7-4668-BE54-9A1E7A4F7556}") = "Fate.Infrastructure.AutofacDependencyInjection", "Fate.Infrastructure.AutofacDependencyInjection\Fate.Infrastructure.AutofacDependencyInjection.csproj", "{6F7561E6-389C-4A1F-8FEB-1A6E1C2F4BBB}"
EndProject
Project("{2150E333-8FDC-42A3-9474-1A3956D46DE8}") = "Configuration", "Configuration", "{BCCD954F-FDCF-4B73-9786-3B12B93E5F16}"
EndProject
Project("{9A19103F-16F7-4668-BE54-9A1E7A4F7556}") = "Fate.Infrastructure.Configuration.Management", "Fate.Infrastructure.Configuration.Management\Fate.Infrastructure.Configuration.Management.csproj", "{30E482D6-5C3F-4F9E-ABED-F3C4725E6097}"
EndProject
Project("{2150E333-8FDC-42A3-9474-1A3956D46DE8}") = "Mapper", "Mapper", "{C0037D83-76E3-447C-8793-02EB06445964}"
EndProject
Project("{2150E333-8FDC-42A3-9474-1A3956D46DE8}") = "Autofac", "Autofac", "{DE05FD5B-EE7D-4316-BBD7-B9BCD028C925}"
EndProject
Project("{2150E333-8FDC-42A3-9474-1A3956D46DE8}") = "Infrastructure", "Infrastructure", "{54F710E6-7763-4CE2-85E5-1658FE991782}"
EndProject
Project("{2150E333-8FDC-42A3-9474-1A3956D46DE8}") = "Timer", "Timer", "{8F850B0A-FC5A-46A7-B806-ACB47BCD1F56}"
EndProject
Project("{9A19103F-16F7-4668-BE54-9A1E7A4F7556}") = "Fate.Infrastructure.TimerModule", "Fate.Infrastructure.TimerModule\Fate.Infrastructure.TimerModule.csproj", "{BA229C65-80E2-4FB5-9400-478208B2B975}"
EndProject
Project("{9A19103F-16F7-4668-BE54-9A1E7A4F7556}") = "Fate.Infrastructure.OcelotStore.RedisProvider", "Fate.Infrastructure.OcelotStore.RedisProvider\Fate.Infrastructure.OcelotStore.RedisProvider.csproj", "{6B777871-0823-467A-BE8F-640CCEE74538}"
EndProject
Project("{9A19103F-16F7-4668-BE54-9A1E7A4F7556}") = "Fate.Infrastructure.VirtualFile", "Fate.Infrastructure.VirtualFile\Fate.Infrastructure.VirtualFile.csproj", "{0268D785-03DA-4806-A2EF-C08DAB316EAB}"
EndProject
Project("{2150E333-8FDC-42A3-9474-1A3956D46DE8}") = "VirtualFile", "VirtualFile", "{03043560-B482-4939-A5C4-99F38D15B7FF}"
EndProject
Project("{9A19103F-16F7-4668-BE54-9A1E7A4F7556}") = "Fate.Infrastructure.MongoDB", "Fate.Infrastructure.MongoDB\Fate.Infrastructure.MongoDB.csproj", "{E2AFC917-33E6-44FE-89D3-C00CD23328EB}"
EndProject
Project("{2150E333-8FDC-42A3-9474-1A3956D46DE8}") = "BaseModel", "BaseModel", "{0BB7A8E8-B045-47AF-9D01-3FAE4A378004}"
EndProject
Project("{9A19103F-16F7-4668-BE54-9A1E7A4F7556}") = "Fate.Infrastructure.BaseMongo.Model", "Fate.Infrastructure.BaseMongo.Model\Fate.Infrastructure.BaseMongo.Model.csproj", "{28DCC2F4-6AF4-4C86-A409-297FBBC79DB1}"
EndProject
Project("{2150E333-8FDC-42A3-9474-1A3956D46DE8}") = "IdentityServer4", "IdentityServer4", "{D0F5DB8F-1016-4D05-9DBB-6EF7F5802C37}"
EndProject
Project("{9A19103F-16F7-4668-BE54-9A1E7A4F7556}") = "Fate.Infrastructure.Id4.MongoDB", "Fate.Infrastructure.Id4.MongoDB\Fate.Infrastructure.Id4.MongoDB.csproj", "{1797F00C-9A18-41E4-B73E-5BB7328E47C5}"
EndProject
Project("{9A19103F-16F7-4668-BE54-9A1E7A4F7556}") = "Fate.Infrastructure.Id4.Entities", "Fate.Infrastructure.Id4.Entities\Fate.Infrastructure.Id4.Entities.csproj", "{DF1F7A89-D681-477B-9E94-204AAB212DFE}"
EndProject
Project("{2150E333-8FDC-42A3-9474-1A3956D46DE8}") = "AspNetIdentity", "AspNetIdentity", "{72BFFDCE-B223-4F01-A04F-286E04C7E28C}"
EndProject
Project("{9A19103F-16F7-4668-BE54-9A1E7A4F7556}") = "Fate.Infrastructure.AspNetdentity.MongoDB", "Fate.Infrastructure.AspNetdentity.MongoDB\Fate.Infrastructure.AspNetdentity.MongoDB.csproj", "{E806C272-FD3F-4584-A849-2BBF3E49BAF7}"
EndProject
Project("{FAE04EC0-301F-11D3-BF4B-00C04F79EFBC}") = "Fate.Test.Configuration", "Fate.Test.Configuration\Fate.Test.Configuration.csproj", "{825770AC-2455-4B8D-A77F-5FBA1EB18CD1}"
EndProject
Global
	GlobalSection(SolutionConfigurationPlatforms) = preSolution
		Debug|Any CPU = Debug|Any CPU
		Release|Any CPU = Release|Any CPU
	EndGlobalSection
	GlobalSection(ProjectConfigurationPlatforms) = postSolution
		{95785746-5F1B-4132-9778-60E616B3BD8F}.Debug|Any CPU.ActiveCfg = Debug|Any CPU
		{95785746-5F1B-4132-9778-60E616B3BD8F}.Debug|Any CPU.Build.0 = Debug|Any CPU
		{95785746-5F1B-4132-9778-60E616B3BD8F}.Release|Any CPU.ActiveCfg = Release|Any CPU
		{95785746-5F1B-4132-9778-60E616B3BD8F}.Release|Any CPU.Build.0 = Release|Any CPU
		{91875A01-3B25-4478-9F73-C33F45A63DE0}.Debug|Any CPU.ActiveCfg = Debug|Any CPU
		{91875A01-3B25-4478-9F73-C33F45A63DE0}.Debug|Any CPU.Build.0 = Debug|Any CPU
		{91875A01-3B25-4478-9F73-C33F45A63DE0}.Release|Any CPU.ActiveCfg = Release|Any CPU
		{91875A01-3B25-4478-9F73-C33F45A63DE0}.Release|Any CPU.Build.0 = Release|Any CPU
		{3A3F06F9-19CF-40EE-A616-DA72CDB785C6}.Debug|Any CPU.ActiveCfg = Debug|Any CPU
		{3A3F06F9-19CF-40EE-A616-DA72CDB785C6}.Debug|Any CPU.Build.0 = Debug|Any CPU
		{3A3F06F9-19CF-40EE-A616-DA72CDB785C6}.Release|Any CPU.ActiveCfg = Release|Any CPU
		{3A3F06F9-19CF-40EE-A616-DA72CDB785C6}.Release|Any CPU.Build.0 = Release|Any CPU
		{46C9B1BA-8894-4750-AE32-BB23347FDEB2}.Debug|Any CPU.ActiveCfg = Debug|Any CPU
		{46C9B1BA-8894-4750-AE32-BB23347FDEB2}.Debug|Any CPU.Build.0 = Debug|Any CPU
		{46C9B1BA-8894-4750-AE32-BB23347FDEB2}.Release|Any CPU.ActiveCfg = Release|Any CPU
		{46C9B1BA-8894-4750-AE32-BB23347FDEB2}.Release|Any CPU.Build.0 = Release|Any CPU
		{C2EC54CF-FF2C-4160-8B64-A12C4952AFF1}.Debug|Any CPU.ActiveCfg = Debug|Any CPU
		{C2EC54CF-FF2C-4160-8B64-A12C4952AFF1}.Debug|Any CPU.Build.0 = Debug|Any CPU
		{C2EC54CF-FF2C-4160-8B64-A12C4952AFF1}.Release|Any CPU.ActiveCfg = Release|Any CPU
		{C2EC54CF-FF2C-4160-8B64-A12C4952AFF1}.Release|Any CPU.Build.0 = Release|Any CPU
		{32B606BB-8542-42A0-9790-13D678ED0D79}.Debug|Any CPU.ActiveCfg = Debug|Any CPU
		{32B606BB-8542-42A0-9790-13D678ED0D79}.Debug|Any CPU.Build.0 = Debug|Any CPU
		{32B606BB-8542-42A0-9790-13D678ED0D79}.Release|Any CPU.ActiveCfg = Release|Any CPU
		{32B606BB-8542-42A0-9790-13D678ED0D79}.Release|Any CPU.Build.0 = Release|Any CPU
		{5B20EEAE-7550-4A6C-9558-F81F0A0D5523}.Debug|Any CPU.ActiveCfg = Debug|Any CPU
		{5B20EEAE-7550-4A6C-9558-F81F0A0D5523}.Debug|Any CPU.Build.0 = Debug|Any CPU
		{5B20EEAE-7550-4A6C-9558-F81F0A0D5523}.Release|Any CPU.ActiveCfg = Release|Any CPU
		{5B20EEAE-7550-4A6C-9558-F81F0A0D5523}.Release|Any CPU.Build.0 = Release|Any CPU
		{F32A1DAE-8EFF-4DC1-97B7-99CC5510F2EB}.Debug|Any CPU.ActiveCfg = Debug|Any CPU
		{F32A1DAE-8EFF-4DC1-97B7-99CC5510F2EB}.Debug|Any CPU.Build.0 = Debug|Any CPU
		{F32A1DAE-8EFF-4DC1-97B7-99CC5510F2EB}.Release|Any CPU.ActiveCfg = Release|Any CPU
		{F32A1DAE-8EFF-4DC1-97B7-99CC5510F2EB}.Release|Any CPU.Build.0 = Release|Any CPU
		{557F9335-37E5-4BA9-AE6F-E978000CF708}.Debug|Any CPU.ActiveCfg = Debug|Any CPU
		{557F9335-37E5-4BA9-AE6F-E978000CF708}.Debug|Any CPU.Build.0 = Debug|Any CPU
		{557F9335-37E5-4BA9-AE6F-E978000CF708}.Release|Any CPU.ActiveCfg = Release|Any CPU
		{557F9335-37E5-4BA9-AE6F-E978000CF708}.Release|Any CPU.Build.0 = Release|Any CPU
		{BD062578-3359-452C-A9F8-21F79153CF09}.Debug|Any CPU.ActiveCfg = Debug|Any CPU
		{BD062578-3359-452C-A9F8-21F79153CF09}.Debug|Any CPU.Build.0 = Debug|Any CPU
		{BD062578-3359-452C-A9F8-21F79153CF09}.Release|Any CPU.ActiveCfg = Release|Any CPU
		{BD062578-3359-452C-A9F8-21F79153CF09}.Release|Any CPU.Build.0 = Release|Any CPU
		{30FF0F4D-01A9-47EE-BA4D-A830C6425097}.Debug|Any CPU.ActiveCfg = Debug|Any CPU
		{30FF0F4D-01A9-47EE-BA4D-A830C6425097}.Debug|Any CPU.Build.0 = Debug|Any CPU
		{30FF0F4D-01A9-47EE-BA4D-A830C6425097}.Release|Any CPU.ActiveCfg = Release|Any CPU
		{30FF0F4D-01A9-47EE-BA4D-A830C6425097}.Release|Any CPU.Build.0 = Release|Any CPU
		{812D3207-C2FB-4DF9-BD3C-34BB11789CD9}.Debug|Any CPU.ActiveCfg = Debug|Any CPU
		{812D3207-C2FB-4DF9-BD3C-34BB11789CD9}.Debug|Any CPU.Build.0 = Debug|Any CPU
		{812D3207-C2FB-4DF9-BD3C-34BB11789CD9}.Release|Any CPU.ActiveCfg = Release|Any CPU
		{812D3207-C2FB-4DF9-BD3C-34BB11789CD9}.Release|Any CPU.Build.0 = Release|Any CPU
		{DE9A430E-7B8C-479C-B710-E7FA95F6F9F2}.Debug|Any CPU.ActiveCfg = Debug|Any CPU
		{DE9A430E-7B8C-479C-B710-E7FA95F6F9F2}.Debug|Any CPU.Build.0 = Debug|Any CPU
		{DE9A430E-7B8C-479C-B710-E7FA95F6F9F2}.Release|Any CPU.ActiveCfg = Release|Any CPU
		{DE9A430E-7B8C-479C-B710-E7FA95F6F9F2}.Release|Any CPU.Build.0 = Release|Any CPU
		{73A36EAF-AE62-44BC-A8CD-E632B7CDEB51}.Debug|Any CPU.ActiveCfg = Debug|Any CPU
		{73A36EAF-AE62-44BC-A8CD-E632B7CDEB51}.Debug|Any CPU.Build.0 = Debug|Any CPU
		{73A36EAF-AE62-44BC-A8CD-E632B7CDEB51}.Release|Any CPU.ActiveCfg = Release|Any CPU
		{73A36EAF-AE62-44BC-A8CD-E632B7CDEB51}.Release|Any CPU.Build.0 = Release|Any CPU
		{001B1DC8-47BE-4E9B-8C05-46676AB80DE6}.Debug|Any CPU.ActiveCfg = Debug|Any CPU
		{001B1DC8-47BE-4E9B-8C05-46676AB80DE6}.Debug|Any CPU.Build.0 = Debug|Any CPU
		{001B1DC8-47BE-4E9B-8C05-46676AB80DE6}.Release|Any CPU.ActiveCfg = Release|Any CPU
		{001B1DC8-47BE-4E9B-8C05-46676AB80DE6}.Release|Any CPU.Build.0 = Release|Any CPU
		{FBBABB8E-8EC7-4B92-9287-DCB0463459A6}.Debug|Any CPU.ActiveCfg = Debug|Any CPU
		{FBBABB8E-8EC7-4B92-9287-DCB0463459A6}.Debug|Any CPU.Build.0 = Debug|Any CPU
		{FBBABB8E-8EC7-4B92-9287-DCB0463459A6}.Release|Any CPU.ActiveCfg = Release|Any CPU
		{FBBABB8E-8EC7-4B92-9287-DCB0463459A6}.Release|Any CPU.Build.0 = Release|Any CPU
		{C9058225-186D-46D1-9CCD-713AB9C48989}.Debug|Any CPU.ActiveCfg = Debug|Any CPU
		{C9058225-186D-46D1-9CCD-713AB9C48989}.Debug|Any CPU.Build.0 = Debug|Any CPU
		{C9058225-186D-46D1-9CCD-713AB9C48989}.Release|Any CPU.ActiveCfg = Release|Any CPU
		{C9058225-186D-46D1-9CCD-713AB9C48989}.Release|Any CPU.Build.0 = Release|Any CPU
		{4CBECF8D-2B03-4CE1-B150-2DC24AA79ABB}.Debug|Any CPU.ActiveCfg = Debug|Any CPU
		{4CBECF8D-2B03-4CE1-B150-2DC24AA79ABB}.Debug|Any CPU.Build.0 = Debug|Any CPU
		{4CBECF8D-2B03-4CE1-B150-2DC24AA79ABB}.Release|Any CPU.ActiveCfg = Release|Any CPU
		{4CBECF8D-2B03-4CE1-B150-2DC24AA79ABB}.Release|Any CPU.Build.0 = Release|Any CPU
		{5CA9A626-E0B5-4229-AE9C-EA666CCBAAAA}.Debug|Any CPU.ActiveCfg = Debug|Any CPU
		{5CA9A626-E0B5-4229-AE9C-EA666CCBAAAA}.Debug|Any CPU.Build.0 = Debug|Any CPU
		{5CA9A626-E0B5-4229-AE9C-EA666CCBAAAA}.Release|Any CPU.ActiveCfg = Release|Any CPU
		{5CA9A626-E0B5-4229-AE9C-EA666CCBAAAA}.Release|Any CPU.Build.0 = Release|Any CPU
		{6F7561E6-389C-4A1F-8FEB-1A6E1C2F4BBB}.Debug|Any CPU.ActiveCfg = Debug|Any CPU
		{6F7561E6-389C-4A1F-8FEB-1A6E1C2F4BBB}.Debug|Any CPU.Build.0 = Debug|Any CPU
		{6F7561E6-389C-4A1F-8FEB-1A6E1C2F4BBB}.Release|Any CPU.ActiveCfg = Release|Any CPU
		{6F7561E6-389C-4A1F-8FEB-1A6E1C2F4BBB}.Release|Any CPU.Build.0 = Release|Any CPU
		{30E482D6-5C3F-4F9E-ABED-F3C4725E6097}.Debug|Any CPU.ActiveCfg = Debug|Any CPU
		{30E482D6-5C3F-4F9E-ABED-F3C4725E6097}.Debug|Any CPU.Build.0 = Debug|Any CPU
		{30E482D6-5C3F-4F9E-ABED-F3C4725E6097}.Release|Any CPU.ActiveCfg = Release|Any CPU
		{30E482D6-5C3F-4F9E-ABED-F3C4725E6097}.Release|Any CPU.Build.0 = Release|Any CPU
		{BA229C65-80E2-4FB5-9400-478208B2B975}.Debug|Any CPU.ActiveCfg = Debug|Any CPU
		{BA229C65-80E2-4FB5-9400-478208B2B975}.Debug|Any CPU.Build.0 = Debug|Any CPU
		{BA229C65-80E2-4FB5-9400-478208B2B975}.Release|Any CPU.ActiveCfg = Release|Any CPU
		{BA229C65-80E2-4FB5-9400-478208B2B975}.Release|Any CPU.Build.0 = Release|Any CPU
		{6B777871-0823-467A-BE8F-640CCEE74538}.Debug|Any CPU.ActiveCfg = Debug|Any CPU
		{6B777871-0823-467A-BE8F-640CCEE74538}.Debug|Any CPU.Build.0 = Debug|Any CPU
		{6B777871-0823-467A-BE8F-640CCEE74538}.Release|Any CPU.ActiveCfg = Release|Any CPU
		{6B777871-0823-467A-BE8F-640CCEE74538}.Release|Any CPU.Build.0 = Release|Any CPU
		{0268D785-03DA-4806-A2EF-C08DAB316EAB}.Debug|Any CPU.ActiveCfg = Debug|Any CPU
		{0268D785-03DA-4806-A2EF-C08DAB316EAB}.Debug|Any CPU.Build.0 = Debug|Any CPU
		{0268D785-03DA-4806-A2EF-C08DAB316EAB}.Release|Any CPU.ActiveCfg = Release|Any CPU
		{0268D785-03DA-4806-A2EF-C08DAB316EAB}.Release|Any CPU.Build.0 = Release|Any CPU
		{E2AFC917-33E6-44FE-89D3-C00CD23328EB}.Debug|Any CPU.ActiveCfg = Debug|Any CPU
		{E2AFC917-33E6-44FE-89D3-C00CD23328EB}.Debug|Any CPU.Build.0 = Debug|Any CPU
		{E2AFC917-33E6-44FE-89D3-C00CD23328EB}.Release|Any CPU.ActiveCfg = Release|Any CPU
		{E2AFC917-33E6-44FE-89D3-C00CD23328EB}.Release|Any CPU.Build.0 = Release|Any CPU
		{28DCC2F4-6AF4-4C86-A409-297FBBC79DB1}.Debug|Any CPU.ActiveCfg = Debug|Any CPU
		{28DCC2F4-6AF4-4C86-A409-297FBBC79DB1}.Debug|Any CPU.Build.0 = Debug|Any CPU
		{28DCC2F4-6AF4-4C86-A409-297FBBC79DB1}.Release|Any CPU.ActiveCfg = Release|Any CPU
		{28DCC2F4-6AF4-4C86-A409-297FBBC79DB1}.Release|Any CPU.Build.0 = Release|Any CPU
		{1797F00C-9A18-41E4-B73E-5BB7328E47C5}.Debug|Any CPU.ActiveCfg = Debug|Any CPU
		{1797F00C-9A18-41E4-B73E-5BB7328E47C5}.Debug|Any CPU.Build.0 = Debug|Any CPU
		{1797F00C-9A18-41E4-B73E-5BB7328E47C5}.Release|Any CPU.ActiveCfg = Release|Any CPU
		{1797F00C-9A18-41E4-B73E-5BB7328E47C5}.Release|Any CPU.Build.0 = Release|Any CPU
		{DF1F7A89-D681-477B-9E94-204AAB212DFE}.Debug|Any CPU.ActiveCfg = Debug|Any CPU
		{DF1F7A89-D681-477B-9E94-204AAB212DFE}.Debug|Any CPU.Build.0 = Debug|Any CPU
		{DF1F7A89-D681-477B-9E94-204AAB212DFE}.Release|Any CPU.ActiveCfg = Release|Any CPU
		{DF1F7A89-D681-477B-9E94-204AAB212DFE}.Release|Any CPU.Build.0 = Release|Any CPU
		{E806C272-FD3F-4584-A849-2BBF3E49BAF7}.Debug|Any CPU.ActiveCfg = Debug|Any CPU
		{E806C272-FD3F-4584-A849-2BBF3E49BAF7}.Debug|Any CPU.Build.0 = Debug|Any CPU
		{E806C272-FD3F-4584-A849-2BBF3E49BAF7}.Release|Any CPU.ActiveCfg = Release|Any CPU
		{E806C272-FD3F-4584-A849-2BBF3E49BAF7}.Release|Any CPU.Build.0 = Release|Any CPU
		{825770AC-2455-4B8D-A77F-5FBA1EB18CD1}.Debug|Any CPU.ActiveCfg = Debug|Any CPU
		{825770AC-2455-4B8D-A77F-5FBA1EB18CD1}.Debug|Any CPU.Build.0 = Debug|Any CPU
		{825770AC-2455-4B8D-A77F-5FBA1EB18CD1}.Release|Any CPU.ActiveCfg = Release|Any CPU
		{825770AC-2455-4B8D-A77F-5FBA1EB18CD1}.Release|Any CPU.Build.0 = Release|Any CPU
	EndGlobalSection
	GlobalSection(SolutionProperties) = preSolution
		HideSolutionNode = FALSE
	EndGlobalSection
	GlobalSection(NestedProjects) = preSolution
		{95785746-5F1B-4132-9778-60E616B3BD8F} = {54F710E6-7763-4CE2-85E5-1658FE991782}
		{91875A01-3B25-4478-9F73-C33F45A63DE0} = {DF220979-1B11-4DEC-AD83-146AF781E3A3}
		{3A3F06F9-19CF-40EE-A616-DA72CDB785C6} = {72C204CF-4677-4CB8-B747-31571C305EB2}
		{46C9B1BA-8894-4750-AE32-BB23347FDEB2} = {72C204CF-4677-4CB8-B747-31571C305EB2}
		{C2EC54CF-FF2C-4160-8B64-A12C4952AFF1} = {28527CF0-C1A2-45F9-8934-339FD8914EC1}
		{32B606BB-8542-42A0-9790-13D678ED0D79} = {72C204CF-4677-4CB8-B747-31571C305EB2}
		{5B20EEAE-7550-4A6C-9558-F81F0A0D5523} = {28527CF0-C1A2-45F9-8934-339FD8914EC1}
		{F32A1DAE-8EFF-4DC1-97B7-99CC5510F2EB} = {3575B4A0-B3E0-4982-9D79-E863DE07D1FF}
		{557F9335-37E5-4BA9-AE6F-E978000CF708} = {405D7187-152B-463F-87FB-62864E291CAB}
		{BD062578-3359-452C-A9F8-21F79153CF09} = {405D7187-152B-463F-87FB-62864E291CAB}
		{405D7187-152B-463F-87FB-62864E291CAB} = {4A8F666D-71AD-40C6-8DBF-37341F67CE79}
		{3575B4A0-B3E0-4982-9D79-E863DE07D1FF} = {4A8F666D-71AD-40C6-8DBF-37341F67CE79}
		{30FF0F4D-01A9-47EE-BA4D-A830C6425097} = {405D7187-152B-463F-87FB-62864E291CAB}
		{812D3207-C2FB-4DF9-BD3C-34BB11789CD9} = {3575B4A0-B3E0-4982-9D79-E863DE07D1FF}
		{56D65EED-2397-414D-9E00-C9FD72D1834E} = {4A8F666D-71AD-40C6-8DBF-37341F67CE79}
		{DE9A430E-7B8C-479C-B710-E7FA95F6F9F2} = {56D65EED-2397-414D-9E00-C9FD72D1834E}
		{73A36EAF-AE62-44BC-A8CD-E632B7CDEB51} = {56D65EED-2397-414D-9E00-C9FD72D1834E}
		{001B1DC8-47BE-4E9B-8C05-46676AB80DE6} = {0BB7A8E8-B045-47AF-9D01-3FAE4A378004}
		{28527CF0-C1A2-45F9-8934-339FD8914EC1} = {7A3DF7B3-2E97-4ED9-A060-DB825BC26FB4}
		{FBBABB8E-8EC7-4B92-9287-DCB0463459A6} = {28527CF0-C1A2-45F9-8934-339FD8914EC1}
		{B9E1ECBD-967F-453E-B9CB-61BABA799568} = {4A8F666D-71AD-40C6-8DBF-37341F67CE79}
		{C9058225-186D-46D1-9CCD-713AB9C48989} = {B9E1ECBD-967F-453E-B9CB-61BABA799568}
		{4CBECF8D-2B03-4CE1-B150-2DC24AA79ABB} = {BCCD954F-FDCF-4B73-9786-3B12B93E5F16}
		{5CA9A626-E0B5-4229-AE9C-EA666CCBAAAA} = {C0037D83-76E3-447C-8793-02EB06445964}
		{6F7561E6-389C-4A1F-8FEB-1A6E1C2F4BBB} = {DE05FD5B-EE7D-4316-BBD7-B9BCD028C925}
		{BCCD954F-FDCF-4B73-9786-3B12B93E5F16} = {4A8F666D-71AD-40C6-8DBF-37341F67CE79}
		{30E482D6-5C3F-4F9E-ABED-F3C4725E6097} = {BCCD954F-FDCF-4B73-9786-3B12B93E5F16}
		{C0037D83-76E3-447C-8793-02EB06445964} = {4A8F666D-71AD-40C6-8DBF-37341F67CE79}
		{DE05FD5B-EE7D-4316-BBD7-B9BCD028C925} = {4A8F666D-71AD-40C6-8DBF-37341F67CE79}
		{54F710E6-7763-4CE2-85E5-1658FE991782} = {4A8F666D-71AD-40C6-8DBF-37341F67CE79}
		{8F850B0A-FC5A-46A7-B806-ACB47BCD1F56} = {4A8F666D-71AD-40C6-8DBF-37341F67CE79}
		{BA229C65-80E2-4FB5-9400-478208B2B975} = {8F850B0A-FC5A-46A7-B806-ACB47BCD1F56}
		{6B777871-0823-467A-BE8F-640CCEE74538} = {56D65EED-2397-414D-9E00-C9FD72D1834E}
		{0268D785-03DA-4806-A2EF-C08DAB316EAB} = {03043560-B482-4939-A5C4-99F38D15B7FF}
		{03043560-B482-4939-A5C4-99F38D15B7FF} = {4A8F666D-71AD-40C6-8DBF-37341F67CE79}
		{E2AFC917-33E6-44FE-89D3-C00CD23328EB} = {3575B4A0-B3E0-4982-9D79-E863DE07D1FF}
		{0BB7A8E8-B045-47AF-9D01-3FAE4A378004} = {3575B4A0-B3E0-4982-9D79-E863DE07D1FF}
		{28DCC2F4-6AF4-4C86-A409-297FBBC79DB1} = {0BB7A8E8-B045-47AF-9D01-3FAE4A378004}
		{D0F5DB8F-1016-4D05-9DBB-6EF7F5802C37} = {4A8F666D-71AD-40C6-8DBF-37341F67CE79}
		{1797F00C-9A18-41E4-B73E-5BB7328E47C5} = {D0F5DB8F-1016-4D05-9DBB-6EF7F5802C37}
		{DF1F7A89-D681-477B-9E94-204AAB212DFE} = {D0F5DB8F-1016-4D05-9DBB-6EF7F5802C37}
		{72BFFDCE-B223-4F01-A04F-286E04C7E28C} = {4A8F666D-71AD-40C6-8DBF-37341F67CE79}
		{E806C272-FD3F-4584-A849-2BBF3E49BAF7} = {72BFFDCE-B223-4F01-A04F-286E04C7E28C}
		{825770AC-2455-4B8D-A77F-5FBA1EB18CD1} = {28527CF0-C1A2-45F9-8934-339FD8914EC1}
	EndGlobalSection
	GlobalSection(ExtensibilityGlobals) = postSolution
		SolutionGuid = {1CD3A20A-C1CF-4D8C-B35E-4DA8F4C1B5B8}
	EndGlobalSection
EndGlobal
